{
  "name": "demo-outdated-cves",
  "version": "1.0.0",
  "lockfileVersion": 3,
  "requires": true,
  "packages": {
    "": {
      "name": "demo-outdated-cves",
      "version": "1.0.0",
      "dependencies": {
        "lodash": "4.17.15",
        "minimist": "1.2.0"
      }
    },
    "node_modules/lodash": {
      "version": "4.17.15"
    },
    "node_modules/minimist": {
      "version": "1.2.0"
    }
  }
}
