{
  "name": "demo-typosquat",
  "version": "1.0.0",
  "lockfileVersion": 3,
  "requires": true,
  "packages": {
    "": {
      "name": "demo-typosquat",
      "version": "1.0.0",
      "dependencies": {
        "expres": "1.0.0"
      }
    },
    "node_modules/expres": {
      "version": "1.0.0"
    }
  }
}
